// !$*UTF8*$!
{
	archiveVersion = 1;
	classes = {
	};
	objectVersion = 46;
	objects = {

/* Begin PBXBuildFile section */
		0A0B8D341F1A8E2E00DC8D23 /* CrimeReportViewController+KeyboardUtils.swift in Sources */ = {isa = PBXBuildFile; fileRef = 0A0B8D331F1A8E2E00DC8D23 /* CrimeReportViewController+KeyboardUtils.swift */; };
		0A241C1D1F19F088001D3F79 /* AppDelegate.swift in Sources */ = {isa = PBXBuildFile; fileRef = 0A241C1C1F19F088001D3F79 /* AppDelegate.swift */; };
		0A241C1F1F19F088001D3F79 /* CrimeReportMapViewController.swift in Sources */ = {isa = PBXBuildFile; fileRef = 0A241C1E1F19F088001D3F79 /* CrimeReportMapViewController.swift */; };
		0A241C221F19F088001D3F79 /* Main.storyboard in Resources */ = {isa = PBXBuildFile; fileRef = 0A241C201F19F088001D3F79 /* Main.storyboard */; };
		0A241C241F19F088001D3F79 /* Assets.xcassets in Resources */ = {isa = PBXBuildFile; fileRef = 0A241C231F19F088001D3F79 /* Assets.xcassets */; };
		0A241C271F19F088001D3F79 /* LaunchScreen.storyboard in Resources */ = {isa = PBXBuildFile; fileRef = 0A241C251F19F088001D3F79 /* LaunchScreen.storyboard */; };
		A75EC428C344E00503945D73 /* Pods_Stay_Safe_Jamaica.framework in Frameworks */ = {isa = PBXBuildFile; fileRef = A6965A82A2B970527B84FC99 /* Pods_Stay_Safe_Jamaica.framework */; };
		EB61C0F01F1A462000625116 /* CrimeReportViewController.swift in Sources */ = {isa = PBXBuildFile; fileRef = EB61C0EF1F1A462000625116 /* CrimeReportViewController.swift */; };
/* End PBXBuildFile section */

/* Begin PBXFileReference section */
		0A0B8D331F1A8E2E00DC8D23 /* CrimeReportViewController+KeyboardUtils.swift */ = {isa = PBXFileReference; lastKnownFileType = sourcecode.swift; path = "CrimeReportViewController+KeyboardUtils.swift"; sourceTree = "<group>"; };
		0A241C191F19F088001D3F79 /* Stay Safe Jamaica.app */ = {isa = PBXFileReference; explicitFileType = wrapper.application; includeInIndex = 0; path = "Stay Safe Jamaica.app"; sourceTree = BUILT_PRODUCTS_DIR; };
		0A241C1C1F19F088001D3F79 /* AppDelegate.swift */ = {isa = PBXFileReference; lastKnownFileType = sourcecode.swift; path = AppDelegate.swift; sourceTree = "<group>"; };
		0A241C1E1F19F088001D3F79 /* CrimeReportMapViewController.swift */ = {isa = PBXFileReference; lastKnownFileType = sourcecode.swift; path = CrimeReportMapViewController.swift; sourceTree = "<group>"; };
		0A241C211F19F088001D3F79 /* Base */ = {isa = PBXFileReference; lastKnownFileType = file.storyboard; name = Base; path = Base.lproj/Main.storyboard; sourceTree = "<group>"; };
		0A241C231F19F088001D3F79 /* Assets.xcassets */ = {isa = PBXFileReference; lastKnownFileType = folder.assetcatalog; path = Assets.xcassets; sourceTree = "<group>"; };
		0A241C261F19F088001D3F79 /* Base */ = {isa = PBXFileReference; lastKnownFileType = file.storyboard; name = Base; path = Base.lproj/LaunchScreen.storyboard; sourceTree = "<group>"; };
		0A241C281F19F088001D3F79 /* Info.plist */ = {isa = PBXFileReference; lastKnownFileType = text.plist.xml; path = Info.plist; sourceTree = "<group>"; };
		302AF85AEA22D80978AE32CC /* Pods-Stay Safe Jamaica.release.xcconfig */ = {isa = PBXFileReference; includeInIndex = 1; lastKnownFileType = text.xcconfig; name = "Pods-Stay Safe Jamaica.release.xcconfig"; path = "Pods/Target Support Files/Pods-Stay Safe Jamaica/Pods-Stay Safe Jamaica.release.xcconfig"; sourceTree = "<group>"; };
		95BAC76E46A52D17157331E3 /* Pods-Stay Safe Jamaica.debug.xcconfig */ = {isa = PBXFileReference; includeInIndex = 1; lastKnownFileType = text.xcconfig; name = "Pods-Stay Safe Jamaica.debug.xcconfig"; path = "Pods/Target Support Files/Pods-Stay Safe Jamaica/Pods-Stay Safe Jamaica.debug.xcconfig"; sourceTree = "<group>"; };
		A6965A82A2B970527B84FC99 /* Pods_Stay_Safe_Jamaica.framework */ = {isa = PBXFileReference; explicitFileType = wrapper.framework; includeInIndex = 0; path = Pods_Stay_Safe_Jamaica.framework; sourceTree = BUILT_PRODUCTS_DIR; };
		EB61C0EF1F1A462000625116 /* CrimeReportViewController.swift */ = {isa = PBXFileReference; fileEncoding = 4; lastKnownFileType = sourcecode.swift; path = CrimeReportViewController.swift; sourceTree = "<group>"; };
/* End PBXFileReference section */

/* Begin PBXFrameworksBuildPhase section */
		0A241C161F19F088001D3F79 /* Frameworks */ = {
			isa = PBXFrameworksBuildPhase;
			buildActionMask = 2147483647;
			files = (
				A75EC428C344E00503945D73 /* Pods_Stay_Safe_Jamaica.framework in Frameworks */,
			);
			runOnlyForDeploymentPostprocessing = 0;
		};
/* End PBXFrameworksBuildPhase section */

/* Begin PBXGroup section */
		0A241C101F19F088001D3F79 = {
			isa = PBXGroup;
			children = (
				0A241C1B1F19F088001D3F79 /* Stay Safe Jamaica */,
				0A241C1A1F19F088001D3F79 /* Products */,
				4E4F8A363F5DFB0E266B9712 /* Pods */,
				CF2C3DC42C5FE2DC8FF03F86 /* Frameworks */,
			);
			sourceTree = "<group>";
		};
		0A241C1A1F19F088001D3F79 /* Products */ = {
			isa = PBXGroup;
			children = (
				0A241C191F19F088001D3F79 /* Stay Safe Jamaica.app */,
			);
			name = Products;
			sourceTree = "<group>";
		};
		0A241C1B1F19F088001D3F79 /* Stay Safe Jamaica */ = {
			isa = PBXGroup;
			children = (
				0A241C1C1F19F088001D3F79 /* AppDelegate.swift */,
				0A241C1E1F19F088001D3F79 /* CrimeReportMapViewController.swift */,
				EB61C0EF1F1A462000625116 /* CrimeReportViewController.swift */,
				0A0B8D331F1A8E2E00DC8D23 /* CrimeReportViewController+KeyboardUtils.swift */,
				0A241C201F19F088001D3F79 /* Main.storyboard */,
				0A241C231F19F088001D3F79 /* Assets.xcassets */,
				0A241C251F19F088001D3F79 /* LaunchScreen.storyboard */,
				0A241C281F19F088001D3F79 /* Info.plist */,
			);
			path = "Stay Safe Jamaica";
			sourceTree = "<group>";
		};
		4E4F8A363F5DFB0E266B9712 /* Pods */ = {
			isa = PBXGroup;
			children = (
				95BAC76E46A52D17157331E3 /* Pods-Stay Safe Jamaica.debug.xcconfig */,
				302AF85AEA22D80978AE32CC /* Pods-Stay Safe Jamaica.release.xcconfig */,
			);
			name = Pods;
			sourceTree = "<group>";
		};
		CF2C3DC42C5FE2DC8FF03F86 /* Frameworks */ = {
			isa = PBXGroup;
			children = (
				A6965A82A2B970527B84FC99 /* Pods_Stay_Safe_Jamaica.framework */,
			);
			name = Frameworks;
			sourceTree = "<group>";
		};
/* End PBXGroup section */

/* Begin PBXNativeTarget section */
		0A241C181F19F088001D3F79 /* Stay Safe Jamaica */ = {
			isa = PBXNativeTarget;
			buildConfigurationList = 0A241C2B1F19F088001D3F79 /* Build configuration list for PBXNativeTarget "Stay Safe Jamaica" */;
			buildPhases = (
				8B254CA897D4BE1A1EF7668A /* [CP] Check Pods Manifest.lock */,
				0A241C151F19F088001D3F79 /* Sources */,
				0A241C161F19F088001D3F79 /* Frameworks */,
				0A241C171F19F088001D3F79 /* Resources */,
				8DCFB0772DDAF9F9C1DBF056 /* [CP] Embed Pods Frameworks */,
				D80ABCB271C961210BCD50D6 /* [CP] Copy Pods Resources */,
			);
			buildRules = (
			);
			dependencies = (
			);
			name = "Stay Safe Jamaica";
			productName = "Stay Safe Jamaica";
			productReference = 0A241C191F19F088001D3F79 /* Stay Safe Jamaica.app */;
			productType = "com.apple.product-type.application";
		};
/* End PBXNativeTarget section */

/* Begin PBXProject section */
		0A241C111F19F088001D3F79 /* Project object */ = {
			isa = PBXProject;
			attributes = {
				LastSwiftUpdateCheck = 0830;
				LastUpgradeCheck = 0830;
				ORGANIZATIONNAME = "Stay Safe Jamaica";
				TargetAttributes = {
					0A241C181F19F088001D3F79 = {
						CreatedOnToolsVersion = 8.3.3;
						DevelopmentTeam = W52FYE629M;
						ProvisioningStyle = Automatic;
					};
				};
			};
			buildConfigurationList = 0A241C141F19F088001D3F79 /* Build configuration list for PBXProject "Stay Safe Jamaica" */;
			compatibilityVersion = "Xcode 3.2";
			developmentRegion = English;
			hasScannedForEncodings = 0;
			knownRegions = (
				en,
				Base,
			);
			mainGroup = 0A241C101F19F088001D3F79;
			productRefGroup = 0A241C1A1F19F088001D3F79 /* Products */;
			projectDirPath = "";
			projectRoot = "";
			targets = (
				0A241C181F19F088001D3F79 /* Stay Safe Jamaica */,
			);
		};
/* End PBXProject section */

/* Begin PBXResourcesBuildPhase section */
		0A241C171F19F088001D3F79 /* Resources */ = {
			isa = PBXResourcesBuildPhase;
			buildActionMask = 2147483647;
			files = (
				0A241C271F19F088001D3F79 /* LaunchScreen.storyboard in Resources */,
				0A241C241F19F088001D3F79 /* Assets.xcassets in Resources */,
				0A241C221F19F088001D3F79 /* Main.storyboard in Resources */,
			);
			runOnlyForDeploymentPostprocessing = 0;
		};
/* End PBXResourcesBuildPhase section */

/* Begin PBXShellScriptBuildPhase section */
		8B254CA897D4BE1A1EF7668A /* [CP] Check Pods Manifest.lock */ = {
			isa = PBXShellScriptBuildPhase;
			buildActionMask = 2147483647;
			files = (
			);
			inputPaths = (
			);
			name = "[CP] Check Pods Manifest.lock";
			outputPaths = (
			);
			runOnlyForDeploymentPostprocessing = 0;
			shellPath = /bin/sh;
			shellScript = "diff \"${PODS_PODFILE_DIR_PATH}/Podfile.lock\" \"${PODS_ROOT}/Manifest.lock\" > /dev/null\nif [ $? != 0 ] ; then\n    # print error to STDERR\n    echo \"error: The sandbox is not in sync with the Podfile.lock. Run 'pod install' or update your CocoaPods installation.\" >&2\n    exit 1\nfi\n";
			showEnvVarsInLog = 0;
		};
		8DCFB0772DDAF9F9C1DBF056 /* [CP] Embed Pods Frameworks */ = {
			isa = PBXShellScriptBuildPhase;
			buildActionMask = 2147483647;
			files = (
			);
			inputPaths = (
			);
			name = "[CP] Embed Pods Frameworks";
			outputPaths = (
			);
			runOnlyForDeploymentPostprocessing = 0;
			shellPath = /bin/sh;
			shellScript = "\"${SRCROOT}/Pods/Target Support Files/Pods-Stay Safe Jamaica/Pods-Stay Safe Jamaica-frameworks.sh\"\n";
			showEnvVarsInLog = 0;
		};
		D80ABCB271C961210BCD50D6 /* [CP] Copy Pods Resources */ = {
			isa = PBXShellScriptBuildPhase;
			buildActionMask = 2147483647;
			files = (
			);
			inputPaths = (
			);
			name = "[CP] Copy Pods Resources";
			outputPaths = (
			);
			runOnlyForDeploymentPostprocessing = 0;
			shellPath = /bin/sh;
			shellScript = "\"${SRCROOT}/Pods/Target Support Files/Pods-Stay Safe Jamaica/Pods-Stay Safe Jamaica-resources.sh\"\n";
			showEnvVarsInLog = 0;
		};
/* End PBXShellScriptBuildPhase section */

/* Begin PBXSourcesBuildPhase section */
		0A241C151F19F088001D3F79 /* Sources */ = {
			isa = PBXSourcesBuildPhase;
			buildActionMask = 2147483647;
			files = (
				0A0B8D341F1A8E2E00DC8D23 /* CrimeReportViewController+KeyboardUtils.swift in Sources */,
				EB61C0F01F1A462000625116 /* CrimeReportViewController.swift in Sources */,
				0A241C1F1F19F088001D3F79 /* CrimeReportMapViewController.swift in Sources */,
				0A241C1D1F19F088001D3F79 /* AppDelegate.swift in Sources */,
			);
			runOnlyForDeploymentPostprocessing = 0;
		};
/* End PBXSourcesBuildPhase section */

/* Begin PBXVariantGroup section */
		0A241C201F19F088001D3F79 /* Main.storyboard */ = {
			isa = PBXVariantGroup;
			children = (
				0A241C211F19F088001D3F79 /* Base */,
			);
			name = Main.storyboard;
			sourceTree = "<group>";
		};
		0A241C251F19F088001D3F79 /* LaunchScreen.storyboard */ = {
			isa = PBXVariantGroup;
			children = (
				0A241C261F19F088001D3F79 /* Base */,
			);
			name = LaunchScreen.storyboard;
			sourceTree = "<group>";
		};
/* End PBXVariantGroup section */

/* Begin XCBuildConfiguration section */
		0A241C291F19F088001D3F79 /* Debug */ = {
			isa = XCBuildConfiguration;
			buildSettings = {
				ALWAYS_SEARCH_USER_PATHS = NO;
				CLANG_ANALYZER_NONNULL = YES;
				CLANG_ANALYZER_NUMBER_OBJECT_CONVERSION = YES_AGGRESSIVE;
				CLANG_CXX_LANGUAGE_STANDARD = "gnu++0x";
				CLANG_CXX_LIBRARY = "libc++";
				CLANG_ENABLE_MODULES = YES;
				CLANG_ENABLE_OBJC_ARC = YES;
				CLANG_WARN_BOOL_CONVERSION = YES;
				CLANG_WARN_CONSTANT_CONVERSION = YES;
				CLANG_WARN_DIRECT_OBJC_ISA_USAGE = YES_ERROR;
				CLANG_WARN_DOCUMENTATION_COMMENTS = YES;
				CLANG_WARN_EMPTY_BODY = YES;
				CLANG_WARN_ENUM_CONVERSION = YES;
				CLANG_WARN_INFINITE_RECURSION = YES;
				CLANG_WARN_INT_CONVERSION = YES;
				CLANG_WARN_OBJC_ROOT_CLASS = YES_ERROR;
				CLANG_WARN_SUSPICIOUS_MOVE = YES;
				CLANG_WARN_UNREACHABLE_CODE = YES;
				CLANG_WARN__DUPLICATE_METHOD_MATCH = YES;
				"CODE_SIGN_IDENTITY[sdk=iphoneos*]" = "iPhone Developer";
				COPY_PHASE_STRIP = NO;
				DEBUG_INFORMATION_FORMAT = dwarf;
				ENABLE_STRICT_OBJC_MSGSEND = YES;
				ENABLE_TESTABILITY = YES;
				GCC_C_LANGUAGE_STANDARD = gnu99;
				GCC_DYNAMIC_NO_PIC = NO;
				GCC_NO_COMMON_BLOCKS = YES;
				GCC_OPTIMIZATION_LEVEL = 0;
				GCC_PREPROCESSOR_DEFINITIONS = (
					"DEBUG=1",
					"$(inherited)",
				);
				GCC_WARN_64_TO_32_BIT_CONVERSION = YES;
				GCC_WARN_ABOUT_RETURN_TYPE = YES_ERROR;
				GCC_WARN_UNDECLARED_SELECTOR = YES;
				GCC_WARN_UNINITIALIZED_AUTOS = YES_AGGRESSIVE;
				GCC_WARN_UNUSED_FUNCTION = YES;
				GCC_WARN_UNUSED_VARIABLE = YES;
				IPHONEOS_DEPLOYMENT_TARGET = 10.3;
				MTL_ENABLE_DEBUG_INFO = YES;
				ONLY_ACTIVE_ARCH = YES;
				SDKROOT = iphoneos;
				SWIFT_ACTIVE_COMPILATION_CONDITIONS = DEBUG;
				SWIFT_OPTIMIZATION_LEVEL = "-Onone";
				TARGETED_DEVICE_FAMILY = "1,2";
			};
			name = Debug;
		};
		0A241C2A1F19F088001D3F79 /* Release */ = {
			isa = XCBuildConfiguration;
			buildSettings = {
				ALWAYS_SEARCH_USER_PATHS = NO;
				CLANG_ANALYZER_NONNULL = YES;
				CLANG_ANALYZER_NUMBER_OBJECT_CONVERSION = YES_AGGRESSIVE;
				CLANG_CXX_LANGUAGE_STANDARD = "gnu++0x";
				CLANG_CXX_LIBRARY = "libc++";
				CLANG_ENABLE_MODULES = YES;
				CLANG_ENABLE_OBJC_ARC = YES;
				CLANG_WARN_BOOL_CONVERSION = YES;
				CLANG_WARN_CONSTANT_CONVERSION = YES;
				CLANG_WARN_DIRECT_OBJC_ISA_USAGE = YES_ERROR;
				CLANG_WARN_DOCUMENTATION_COMMENTS = YES;
				CLANG_WARN_EMPTY_BODY = YES;
				CLANG_WARN_ENUM_CONVERSION = YES;
				CLANG_WARN_INFINITE_RECURSION = YES;
				CLANG_WARN_INT_CONVERSION = YES;
				CLANG_WARN_OBJC_ROOT_CLASS = YES_ERROR;
				CLANG_WARN_SUSPICIOUS_MOVE = YES;
				CLANG_WARN_UNREACHABLE_CODE = YES;
				CLANG_WARN__DUPLICATE_METHOD_MATCH = YES;
				"CODE_SIGN_IDENTITY[sdk=iphoneos*]" = "iPhone Developer";
				COPY_PHASE_STRIP = NO;
				DEBUG_INFORMATION_FORMAT = "dwarf-with-dsym";
				ENABLE_NS_ASSERTIONS = NO;
				ENABLE_STRICT_OBJC_MSGSEND = YES;
				GCC_C_LANGUAGE_STANDARD = gnu99;
				GCC_NO_COMMON_BLOCKS = YES;
				GCC_WARN_64_TO_32_BIT_CONVERSION = YES;
				GCC_WARN_ABOUT_RETURN_TYPE = YES_ERROR;
				GCC_WARN_UNDECLARED_SELECTOR = YES;
				GCC_WARN_UNINITIALIZED_AUTOS = YES_AGGRESSIVE;
				GCC_WARN_UNUSED_FUNCTION = YES;
				GCC_WARN_UNUSED_VARIABLE = YES;
				IPHONEOS_DEPLOYMENT_TARGET = 10.3;
				MTL_ENABLE_DEBUG_INFO = NO;
				SDKROOT = iphoneos;
				SWIFT_OPTIMIZATION_LEVEL = "-Owholemodule";
				TARGETED_DEVICE_FAMILY = "1,2";
				VALIDATE_PRODUCT = YES;
			};
			name = Release;
		};
		0A241C2C1F19F088001D3F79 /* Debug */ = {
			isa = XCBuildConfiguration;
			baseConfigurationReference = 95BAC76E46A52D17157331E3 /* Pods-Stay Safe Jamaica.debug.xcconfig */;
			buildSettings = {
				ASSETCATALOG_COMPILER_APPICON_NAME = AppIcon;
				DEVELOPMENT_TEAM = W52FYE629M;
				INFOPLIST_FILE = "Stay Safe Jamaica/Info.plist";
				LD_RUNPATH_SEARCH_PATHS = "$(inherited) @executable_path/Frameworks";
				PRODUCT_BUNDLE_IDENTIFIER = "com.staysafeja.Stay-Safe-Jamaica";
				PRODUCT_NAME = "$(TARGET_NAME)";
				SWIFT_VERSION = 3.0;
			};
			name = Debug;
		};
		0A241C2D1F19F088001D3F79 /* Release */ = {
			isa = XCBuildConfiguration;
			baseConfigurationReference = 302AF85AEA22D80978AE32CC /* Pods-Stay Safe Jamaica.release.xcconfig */;
			buildSettings = {
				ASSETCATALOG_COMPILER_APPICON_NAME = AppIcon;
				DEVELOPMENT_TEAM = W52FYE629M;
				INFOPLIST_FILE = "Stay Safe Jamaica/Info.plist";
				LD_RUNPATH_SEARCH_PATHS = "$(inherited) @executable_path/Frameworks";
				PRODUCT_BUNDLE_IDENTIFIER = "com.staysafeja.Stay-Safe-Jamaica";
				PRODUCT_NAME = "$(TARGET_NAME)";
				SWIFT_VERSION = 3.0;
			};
			name = Release;
		};
/* End XCBuildConfiguration section */

/* Begin XCConfigurationList section */
		0A241C141F19F088001D3F79 /* Build configuration list for PBXProject "Stay Safe Jamaica" */ = {
			isa = XCConfigurationList;
			buildConfigurations = (
				0A241C291F19F088001D3F79 /* Debug */,
				0A241C2A1F19F088001D3F79 /* Release */,
			);
			defaultConfigurationIsVisible = 0;
			defaultConfigurationName = Release;
		};
		0A241C2B1F19F088001D3F79 /* Build configuration list for PBXNativeTarget "Stay Safe Jamaica" */ = {
			isa = XCConfigurationList;
			buildConfigurations = (
				0A241C2C1F19F088001D3F79 /* Debug */,
				0A241C2D1F19F088001D3F79 /* Release */,
			);
			defaultConfigurationIsVisible = 0;
			defaultConfigurationName = Release;
		};
/* End XCConfigurationList section */
	};
	rootObject = 0A241C111F19F088001D3F79 /* Project object */;
}
